
Microsoft Visual Studio Solution File, Format Version 12.00
# Visual Studio Version 16
VisualStudioVersion = 16.0.29123.88
MinimumVisualStudioVersion = 10.0.40219.1
Project("{9A19103F-16F7-4668-BE54-9A1E7A4F7556}") = "Dominio", "Dominio\Dominio.csproj", "{8EDBA5EE-A47E-4EE4-8CDB-9C4D2403E5C5}"
EndProject
Project("{9A19103F-16F7-4668-BE54-9A1E7A4F7556}") = "Persistencia", "Persistencia\Persistencia.csproj", "{C33EE9A8-1A1F-40D5-9D18-A5C2C820235C}"
EndProject
Project("{9A19103F-16F7-4668-BE54-9A1E7A4F7556}") = "Aplicacion", "Aplicacion\Aplicacion.csproj", "{B601F56D-C193-4371-A6FD-C13EE51B7A6B}"
EndProject
Project("{9A19103F-16F7-4668-BE54-9A1E7A4F7556}") = "WebAPI", "WebAPI\WebAPI.csproj", "{A8E05CF6-AA05-4B53-9468-CDB0393CD7FC}"
EndProject
Project("{FAE04EC0-301F-11D3-BF4B-00C04F79EFBC}") = "Seguridad", "Seguridad\Seguridad.csproj", "{3873E14C-C41B-4014-9B6F-557175960E0C}"
EndProject
Global
	GlobalSection(SolutionConfigurationPlatforms) = preSolution
		Debug|Any CPU = Debug|Any CPU
		Release|Any CPU = Release|Any CPU
	EndGlobalSection
	GlobalSection(ProjectConfigurationPlatforms) = postSolution
		{8EDBA5EE-A47E-4EE4-8CDB-9C4D2403E5C5}.Debug|Any CPU.ActiveCfg = Debug|Any CPU
		{8EDBA5EE-A47E-4EE4-8CDB-9C4D2403E5C5}.Debug|Any CPU.Build.0 = Debug|Any CPU
		{8EDBA5EE-A47E-4EE4-8CDB-9C4D2403E5C5}.Release|Any CPU.ActiveCfg = Release|Any CPU
		{8EDBA5EE-A47E-4EE4-8CDB-9C4D2403E5C5}.Release|Any CPU.Build.0 = Release|Any CPU
		{C33EE9A8-1A1F-40D5-9D18-A5C2C820235C}.Debug|Any CPU.ActiveCfg = Debug|Any CPU
		{C33EE9A8-1A1F-40D5-9D18-A5C2C820235C}.Debug|Any CPU.Build.0 = Debug|Any CPU
		{C33EE9A8-1A1F-40D5-9D18-A5C2C820235C}.Release|Any CPU.ActiveCfg = Release|Any CPU
		{C33EE9A8-1A1F-40D5-9D18-A5C2C820235C}.Release|Any CPU.Build.0 = Release|Any CPU
		{B601F56D-C193-4371-A6FD-C13EE51B7A6B}.Debug|Any CPU.ActiveCfg = Debug|Any CPU
		{B601F56D-C193-4371-A6FD-C13EE51B7A6B}.Debug|Any CPU.Build.0 = Debug|Any CPU
		{B601F56D-C193-4371-A6FD-C13EE51B7A6B}.Release|Any CPU.ActiveCfg = Release|Any CPU
		{B601F56D-C193-4371-A6FD-C13EE51B7A6B}.Release|Any CPU.Build.0 = Release|Any CPU
		{A8E05CF6-AA05-4B53-9468-CDB0393CD7FC}.Debug|Any CPU.ActiveCfg = Debug|Any CPU
		{A8E05CF6-AA05-4B53-9468-CDB0393CD7FC}.Debug|Any CPU.Build.0 = Debug|Any CPU
		{A8E05CF6-AA05-4B53-9468-CDB0393CD7FC}.Release|Any CPU.ActiveCfg = Release|Any CPU
		{A8E05CF6-AA05-4B53-9468-CDB0393CD7FC}.Release|Any CPU.Build.0 = Release|Any CPU
		{3873E14C-C41B-4014-9B6F-557175960E0C}.Debug|Any CPU.ActiveCfg = Debug|Any CPU
		{3873E14C-C41B-4014-9B6F-557175960E0C}.Debug|Any CPU.Build.0 = Debug|Any CPU
		{3873E14C-C41B-4014-9B6F-557175960E0C}.Release|Any CPU.ActiveCfg = Release|Any CPU
		{3873E14C-C41B-4014-9B6F-557175960E0C}.Release|Any CPU.Build.0 = Release|Any CPU
	EndGlobalSection
	GlobalSection(SolutionProperties) = preSolution
		HideSolutionNode = FALSE
	EndGlobalSection
	GlobalSection(ExtensibilityGlobals) = postSolution
		SolutionGuid = {1B15AE6E-05A4-4F99-B5A6-F6F15EB9586B}
	EndGlobalSection
EndGlobal
